// !$*UTF8*$!
{
	archiveVersion = 1;
	classes = {
	};
	objectVersion = 50;
	objects = {

/* Begin PBXBuildFile section */
		C91A1450226B40FE0087035B /* AppDelegate.swift in Sources */ = {isa = PBXBuildFile; fileRef = C91A144F226B40FE0087035B /* AppDelegate.swift */; };
		C91A1455226B40FE0087035B /* Main.storyboard in Resources */ = {isa = PBXBuildFile; fileRef = C91A1453226B40FE0087035B /* Main.storyboard */; };
		C91A1458226B40FE0087035B /* MyCV.xcdatamodeld in Sources */ = {isa = PBXBuildFile; fileRef = C91A1456226B40FE0087035B /* MyCV.xcdatamodeld */; };
		C91A145D226B41010087035B /* LaunchScreen.storyboard in Resources */ = {isa = PBXBuildFile; fileRef = C91A145B226B41010087035B /* LaunchScreen.storyboard */; };
		C923E634227DD75D009FAF21 /* SourceViewController.swift in Sources */ = {isa = PBXBuildFile; fileRef = C923E633227DD75D009FAF21 /* SourceViewController.swift */; };
		C923E639227DDB9B009FAF21 /* WebKit.framework in Frameworks */ = {isa = PBXBuildFile; fileRef = C923E638227DDB9A009FAF21 /* WebKit.framework */; };
		C923E63B227DE47E009FAF21 /* Assets.xcassets in Resources */ = {isa = PBXBuildFile; fileRef = C923E63A227DE47C009FAF21 /* Assets.xcassets */; };
		C94D741B227E2BC7008653AB /* bart.gif in Resources */ = {isa = PBXBuildFile; fileRef = C94D741A227E2BC7008653AB /* bart.gif */; };
		C94D741D227E2CBA008653AB /* letter.gif in Resources */ = {isa = PBXBuildFile; fileRef = C94D741C227E2CBA008653AB /* letter.gif */; };
		C97304D02270AED10057FA79 /* UIApplication+Extension.swift in Sources */ = {isa = PBXBuildFile; fileRef = C97304CF2270AED10057FA79 /* UIApplication+Extension.swift */; };
		C97304D22270B0030057FA79 /* Experience.swift in Sources */ = {isa = PBXBuildFile; fileRef = C97304D12270B0030057FA79 /* Experience.swift */; };
		C97304D42270B5BE0057FA79 /* ExperienceViewController.swift in Sources */ = {isa = PBXBuildFile; fileRef = C97304D32270B5BE0057FA79 /* ExperienceViewController.swift */; };
		C97304D62270BC700057FA79 /* InfoViewController.swift in Sources */ = {isa = PBXBuildFile; fileRef = C97304D52270BC700057FA79 /* InfoViewController.swift */; };
		C980D87B226CABD6004D34B2 /* ProfileViewController.swift in Sources */ = {isa = PBXBuildFile; fileRef = C980D87A226CABD6004D34B2 /* ProfileViewController.swift */; };
		C980D880226CB23A004D34B2 /* InfoText.swift in Sources */ = {isa = PBXBuildFile; fileRef = C980D87F226CB23A004D34B2 /* InfoText.swift */; };
		C980D883226CB6DD004D34B2 /* UIImageView+Extension.swift in Sources */ = {isa = PBXBuildFile; fileRef = C980D882226CB6DD004D34B2 /* UIImageView+Extension.swift */; };
		C980D885226CBC0A004D34B2 /* UIButton+Extension.swift in Sources */ = {isa = PBXBuildFile; fileRef = C980D884226CBC0A004D34B2 /* UIButton+Extension.swift */; };
		C990777E22707A550044FEE9 /* SkillsViewController.swift in Sources */ = {isa = PBXBuildFile; fileRef = C990777D22707A550044FEE9 /* SkillsViewController.swift */; };
		C99BAF91227E340F00DFF142 /* rainbow.gif in Resources */ = {isa = PBXBuildFile; fileRef = C99BAF90227E340F00DFF142 /* rainbow.gif */; };
		C99BAF94227E350800DFF142 /* Localizable.strings in Resources */ = {isa = PBXBuildFile; fileRef = C99BAF92227E350800DFF142 /* Localizable.strings */; };
		C99BAF9C227E397800DFF142 /* ExperienceShowTableViewCell.xib in Resources */ = {isa = PBXBuildFile; fileRef = C99BAF9A227E397800DFF142 /* ExperienceShowTableViewCell.xib */; };
		C99BAF9D227E397800DFF142 /* ExperienceShowTableViewCell.swift in Sources */ = {isa = PBXBuildFile; fileRef = C99BAF9B227E397800DFF142 /* ExperienceShowTableViewCell.swift */; };
		C9D9EB76227E3F80005679CD /* nyancat.gif in Resources */ = {isa = PBXBuildFile; fileRef = C9D9EB75227E3F80005679CD /* nyancat.gif */; };
/* End PBXBuildFile section */

/* Begin PBXFileReference section */
		C91A144C226B40FE0087035B /* MyCV.app */ = {isa = PBXFileReference; explicitFileType = wrapper.application; includeInIndex = 0; path = MyCV.app; sourceTree = BUILT_PRODUCTS_DIR; };
		C91A144F226B40FE0087035B /* AppDelegate.swift */ = {isa = PBXFileReference; lastKnownFileType = sourcecode.swift; path = AppDelegate.swift; sourceTree = "<group>"; };
		C91A1454226B40FE0087035B /* Base */ = {isa = PBXFileReference; lastKnownFileType = file.storyboard; name = Base; path = Base.lproj/Main.storyboard; sourceTree = "<group>"; };
		C91A1457226B40FE0087035B /* MyCV.xcdatamodel */ = {isa = PBXFileReference; lastKnownFileType = wrapper.xcdatamodel; path = MyCV.xcdatamodel; sourceTree = "<group>"; };
		C91A145C226B41010087035B /* Base */ = {isa = PBXFileReference; lastKnownFileType = file.storyboard; name = Base; path = Base.lproj/LaunchScreen.storyboard; sourceTree = "<group>"; };
		C91A145E226B41010087035B /* Info.plist */ = {isa = PBXFileReference; lastKnownFileType = text.plist.xml; path = Info.plist; sourceTree = "<group>"; };
		C923E633227DD75D009FAF21 /* SourceViewController.swift */ = {isa = PBXFileReference; lastKnownFileType = sourcecode.swift; path = SourceViewController.swift; sourceTree = "<group>"; };
		C923E638227DDB9A009FAF21 /* WebKit.framework */ = {isa = PBXFileReference; lastKnownFileType = wrapper.framework; name = WebKit.framework; path = System/Library/Frameworks/WebKit.framework; sourceTree = SDKROOT; };
		C923E63A227DE47C009FAF21 /* Assets.xcassets */ = {isa = PBXFileReference; lastKnownFileType = folder.assetcatalog; path = Assets.xcassets; sourceTree = "<group>"; };
		C94D741A227E2BC7008653AB /* bart.gif */ = {isa = PBXFileReference; lastKnownFileType = image.gif; name = bart.gif; path = ../../../../../../../Users/serhiyrosovskyy/Desktop/bart.gif; sourceTree = "<group>"; };
		C94D741C227E2CBA008653AB /* letter.gif */ = {isa = PBXFileReference; lastKnownFileType = image.gif; name = letter.gif; path = ../../../../../../../Users/serhiyrosovskyy/Desktop/letter.gif; sourceTree = "<group>"; };
		C94D7421227E30C1008653AB /* en */ = {isa = PBXFileReference; lastKnownFileType = text.plist.strings; name = en; path = en.lproj/Main.strings; sourceTree = "<group>"; };
		C97304CF2270AED10057FA79 /* UIApplication+Extension.swift */ = {isa = PBXFileReference; lastKnownFileType = sourcecode.swift; path = "UIApplication+Extension.swift"; sourceTree = "<group>"; };
		C97304D12270B0030057FA79 /* Experience.swift */ = {isa = PBXFileReference; lastKnownFileType = sourcecode.swift; path = Experience.swift; sourceTree = "<group>"; };
		C97304D32270B5BE0057FA79 /* ExperienceViewController.swift */ = {isa = PBXFileReference; lastKnownFileType = sourcecode.swift; path = ExperienceViewController.swift; sourceTree = "<group>"; };
		C97304D52270BC700057FA79 /* InfoViewController.swift */ = {isa = PBXFileReference; lastKnownFileType = sourcecode.swift; path = InfoViewController.swift; sourceTree = "<group>"; };
		C980D87A226CABD6004D34B2 /* ProfileViewController.swift */ = {isa = PBXFileReference; lastKnownFileType = sourcecode.swift; path = ProfileViewController.swift; sourceTree = "<group>"; };
		C980D87F226CB23A004D34B2 /* InfoText.swift */ = {isa = PBXFileReference; lastKnownFileType = sourcecode.swift; path = InfoText.swift; sourceTree = "<group>"; };
		C980D882226CB6DD004D34B2 /* UIImageView+Extension.swift */ = {isa = PBXFileReference; lastKnownFileType = sourcecode.swift; path = "UIImageView+Extension.swift"; sourceTree = "<group>"; };
		C980D884226CBC0A004D34B2 /* UIButton+Extension.swift */ = {isa = PBXFileReference; lastKnownFileType = sourcecode.swift; path = "UIButton+Extension.swift"; sourceTree = "<group>"; };
		C990777D22707A550044FEE9 /* SkillsViewController.swift */ = {isa = PBXFileReference; lastKnownFileType = sourcecode.swift; path = SkillsViewController.swift; sourceTree = "<group>"; };
		C99BAF90227E340F00DFF142 /* rainbow.gif */ = {isa = PBXFileReference; lastKnownFileType = image.gif; name = rainbow.gif; path = ../../../../../../../Users/serhiyrosovskyy/.Trash/rainbow.gif; sourceTree = "<group>"; };
		C99BAF93227E350800DFF142 /* en */ = {isa = PBXFileReference; lastKnownFileType = text.plist.strings; name = en; path = en.lproj/Localizable.strings; sourceTree = "<group>"; };
		C99BAF95227E354300DFF142 /* uk */ = {isa = PBXFileReference; lastKnownFileType = text.plist.strings; name = uk; path = uk.lproj/Main.strings; sourceTree = "<group>"; };
		C99BAF96227E354300DFF142 /* uk */ = {isa = PBXFileReference; lastKnownFileType = text.plist.strings; name = uk; path = uk.lproj/LaunchScreen.strings; sourceTree = "<group>"; };
		C99BAF97227E354400DFF142 /* uk */ = {isa = PBXFileReference; lastKnownFileType = text.plist.strings; name = uk; path = uk.lproj/Localizable.strings; sourceTree = "<group>"; };
		C99BAF9A227E397800DFF142 /* ExperienceShowTableViewCell.xib */ = {isa = PBXFileReference; fileEncoding = 4; lastKnownFileType = file.xib; path = ExperienceShowTableViewCell.xib; sourceTree = "<group>"; };
		C99BAF9B227E397800DFF142 /* ExperienceShowTableViewCell.swift */ = {isa = PBXFileReference; fileEncoding = 4; lastKnownFileType = sourcecode.swift; path = ExperienceShowTableViewCell.swift; sourceTree = "<group>"; };
		C9D9EB75227E3F80005679CD /* nyancat.gif */ = {isa = PBXFileReference; lastKnownFileType = image.gif; path = nyancat.gif; sourceTree = "<group>"; };
/* End PBXFileReference section */

/* Begin PBXFrameworksBuildPhase section */
		C91A1449226B40FE0087035B /* Frameworks */ = {
			isa = PBXFrameworksBuildPhase;
			buildActionMask = 2147483647;
			files = (
				C923E639227DDB9B009FAF21 /* WebKit.framework in Frameworks */,
			);
			runOnlyForDeploymentPostprocessing = 0;
		};
/* End PBXFrameworksBuildPhase section */

/* Begin PBXGroup section */
		C91A1443226B40FE0087035B = {
			isa = PBXGroup;
			children = (
				C91A144E226B40FE0087035B /* MyCV */,
				C91A144D226B40FE0087035B /* Products */,
				C923E635227DDB77009FAF21 /* Frameworks */,
			);
			sourceTree = "<group>";
		};
		C91A144D226B40FE0087035B /* Products */ = {
			isa = PBXGroup;
			children = (
				C91A144C226B40FE0087035B /* MyCV.app */,
			);
			name = Products;
			sourceTree = "<group>";
		};
		C91A144E226B40FE0087035B /* MyCV */ = {
			isa = PBXGroup;
			children = (
				C91A1464226B41E80087035B /* View */,
				C980D881226CB6B1004D34B2 /* Extensions */,
				C980D87E226CB214004D34B2 /* Constants */,
				C91A1465226B41F60087035B /* Supporting Files */,
				C91A1466226B421C0087035B /* Resources */,
			);
			path = MyCV;
			sourceTree = "<group>";
		};
		C91A1464226B41E80087035B /* View */ = {
			isa = PBXGroup;
			children = (
				C94D741C227E2CBA008653AB /* letter.gif */,
				C9D9EB75227E3F80005679CD /* nyancat.gif */,
				C99BAF90227E340F00DFF142 /* rainbow.gif */,
				C94D741A227E2BC7008653AB /* bart.gif */,
				C99BAF99227E397800DFF142 /* Cell */,
				C99BAF98227E354C00DFF142 /* Local */,
				C91A1453226B40FE0087035B /* Main.storyboard */,
				C980D87A226CABD6004D34B2 /* ProfileViewController.swift */,
				C990777D22707A550044FEE9 /* SkillsViewController.swift */,
				C97304D32270B5BE0057FA79 /* ExperienceViewController.swift */,
				C97304D52270BC700057FA79 /* InfoViewController.swift */,
				C923E633227DD75D009FAF21 /* SourceViewController.swift */,
			);
			path = View;
			sourceTree = "<group>";
		};
		C91A1465226B41F60087035B /* Supporting Files */ = {
			isa = PBXGroup;
			children = (
				C91A144F226B40FE0087035B /* AppDelegate.swift */,
				C91A145E226B41010087035B /* Info.plist */,
				C91A145B226B41010087035B /* LaunchScreen.storyboard */,
			);
			path = "Supporting Files";
			sourceTree = "<group>";
		};
		C91A1466226B421C0087035B /* Resources */ = {
			isa = PBXGroup;
			children = (
				C923E63A227DE47C009FAF21 /* Assets.xcassets */,
				C91A1456226B40FE0087035B /* MyCV.xcdatamodeld */,
			);
			path = Resources;
			sourceTree = "<group>";
		};
		C923E635227DDB77009FAF21 /* Frameworks */ = {
			isa = PBXGroup;
			children = (
				C923E638227DDB9A009FAF21 /* WebKit.framework */,
			);
			name = Frameworks;
			sourceTree = "<group>";
		};
		C980D87E226CB214004D34B2 /* Constants */ = {
			isa = PBXGroup;
			children = (
				C980D87F226CB23A004D34B2 /* InfoText.swift */,
				C97304D12270B0030057FA79 /* Experience.swift */,
			);
			path = Constants;
			sourceTree = "<group>";
		};
		C980D881226CB6B1004D34B2 /* Extensions */ = {
			isa = PBXGroup;
			children = (
				C980D882226CB6DD004D34B2 /* UIImageView+Extension.swift */,
				C980D884226CBC0A004D34B2 /* UIButton+Extension.swift */,
				C97304CF2270AED10057FA79 /* UIApplication+Extension.swift */,
			);
			path = Extensions;
			sourceTree = "<group>";
		};
		C99BAF98227E354C00DFF142 /* Local */ = {
			isa = PBXGroup;
			children = (
				C99BAF92227E350800DFF142 /* Localizable.strings */,
			);
			path = Local;
			sourceTree = "<group>";
		};
		C99BAF99227E397800DFF142 /* Cell */ = {
			isa = PBXGroup;
			children = (
				C99BAF9A227E397800DFF142 /* ExperienceShowTableViewCell.xib */,
				C99BAF9B227E397800DFF142 /* ExperienceShowTableViewCell.swift */,
			);
			path = Cell;
			sourceTree = "<group>";
		};
/* End PBXGroup section */

/* Begin PBXNativeTarget section */
		C91A144B226B40FE0087035B /* MyCV */ = {
			isa = PBXNativeTarget;
			buildConfigurationList = C91A1461226B41010087035B /* Build configuration list for PBXNativeTarget "MyCV" */;
			buildPhases = (
				C91A1448226B40FE0087035B /* Sources */,
				C91A1449226B40FE0087035B /* Frameworks */,
				C91A144A226B40FE0087035B /* Resources */,
			);
			buildRules = (
			);
			dependencies = (
			);
			name = MyCV;
			productName = MyCV;
			productReference = C91A144C226B40FE0087035B /* MyCV.app */;
			productType = "com.apple.product-type.application";
		};
/* End PBXNativeTarget section */

/* Begin PBXProject section */
		C91A1444226B40FE0087035B /* Project object */ = {
			isa = PBXProject;
			attributes = {
				LastSwiftUpdateCheck = 1010;
				LastUpgradeCheck = 1010;
				ORGANIZATIONNAME = "Serhiy Rosovskyy";
				TargetAttributes = {
					C91A144B226B40FE0087035B = {
						CreatedOnToolsVersion = 10.1;
						SystemCapabilities = {
							com.apple.Maps.iOS = {
								enabled = 0;
							};
						};
					};
				};
			};
			buildConfigurationList = C91A1447226B40FE0087035B /* Build configuration list for PBXProject "MyCV" */;
			compatibilityVersion = "Xcode 9.3";
			developmentRegion = en;
			hasScannedForEncodings = 0;
			knownRegions = (
				en,
				Base,
				uk,
			);
			mainGroup = C91A1443226B40FE0087035B;
			productRefGroup = C91A144D226B40FE0087035B /* Products */;
			projectDirPath = "";
			projectRoot = "";
			targets = (
				C91A144B226B40FE0087035B /* MyCV */,
			);
		};
/* End PBXProject section */

/* Begin PBXResourcesBuildPhase section */
		C91A144A226B40FE0087035B /* Resources */ = {
			isa = PBXResourcesBuildPhase;
			buildActionMask = 2147483647;
			files = (
				C94D741B227E2BC7008653AB /* bart.gif in Resources */,
				C91A145D226B41010087035B /* LaunchScreen.storyboard in Resources */,
				C99BAF94227E350800DFF142 /* Localizable.strings in Resources */,
				C99BAF9C227E397800DFF142 /* ExperienceShowTableViewCell.xib in Resources */,
				C9D9EB76227E3F80005679CD /* nyancat.gif in Resources */,
				C99BAF91227E340F00DFF142 /* rainbow.gif in Resources */,
				C923E63B227DE47E009FAF21 /* Assets.xcassets in Resources */,
				C94D741D227E2CBA008653AB /* letter.gif in Resources */,
				C91A1455226B40FE0087035B /* Main.storyboard in Resources */,
			);
			runOnlyForDeploymentPostprocessing = 0;
		};
/* End PBXResourcesBuildPhase section */

/* Begin PBXSourcesBuildPhase section */
		C91A1448226B40FE0087035B /* Sources */ = {
			isa = PBXSourcesBuildPhase;
			buildActionMask = 2147483647;
			files = (
				C980D883226CB6DD004D34B2 /* UIImageView+Extension.swift in Sources */,
				C97304D62270BC700057FA79 /* InfoViewController.swift in Sources */,
				C980D87B226CABD6004D34B2 /* ProfileViewController.swift in Sources */,
				C99BAF9D227E397800DFF142 /* ExperienceShowTableViewCell.swift in Sources */,
				C91A1450226B40FE0087035B /* AppDelegate.swift in Sources */,
				C97304D42270B5BE0057FA79 /* ExperienceViewController.swift in Sources */,
				C97304D22270B0030057FA79 /* Experience.swift in Sources */,
				C923E634227DD75D009FAF21 /* SourceViewController.swift in Sources */,
				C97304D02270AED10057FA79 /* UIApplication+Extension.swift in Sources */,
				C980D880226CB23A004D34B2 /* InfoText.swift in Sources */,
				C990777E22707A550044FEE9 /* SkillsViewController.swift in Sources */,
				C91A1458226B40FE0087035B /* MyCV.xcdatamodeld in Sources */,
				C980D885226CBC0A004D34B2 /* UIButton+Extension.swift in Sources */,
			);
			runOnlyForDeploymentPostprocessing = 0;
		};
/* End PBXSourcesBuildPhase section */

/* Begin PBXVariantGroup section */
		C91A1453226B40FE0087035B /* Main.storyboard */ = {
			isa = PBXVariantGroup;
			children = (
				C91A1454226B40FE0087035B /* Base */,
				C94D7421227E30C1008653AB /* en */,
				C99BAF95227E354300DFF142 /* uk */,
			);
			name = Main.storyboard;
			sourceTree = "<group>";
		};
		C91A145B226B41010087035B /* LaunchScreen.storyboard */ = {
			isa = PBXVariantGroup;
			children = (
				C91A145C226B41010087035B /* Base */,
				C99BAF96227E354300DFF142 /* uk */,
			);
			name = LaunchScreen.storyboard;
			sourceTree = "<group>";
		};
		C99BAF92227E350800DFF142 /* Localizable.strings */ = {
			isa = PBXVariantGroup;
			children = (
				C99BAF93227E350800DFF142 /* en */,
				C99BAF97227E354400DFF142 /* uk */,
			);
			name = Localizable.strings;
			sourceTree = "<group>";
		};
/* End PBXVariantGroup section */

/* Begin XCBuildConfiguration section */
		C91A145F226B41010087035B /* Debug */ = {
			isa = XCBuildConfiguration;
			buildSettings = {
				ALWAYS_SEARCH_USER_PATHS = NO;
				CLANG_ANALYZER_LOCALIZABILITY_NONLOCALIZED = YES;
				CLANG_ANALYZER_NONNULL = YES;
				CLANG_ANALYZER_NUMBER_OBJECT_CONVERSION = YES_AGGRESSIVE;
				CLANG_CXX_LANGUAGE_STANDARD = "gnu++14";
				CLANG_CXX_LIBRARY = "libc++";
				CLANG_ENABLE_MODULES = YES;
				CLANG_ENABLE_OBJC_ARC = YES;
				CLANG_ENABLE_OBJC_WEAK = YES;
				CLANG_WARN_BLOCK_CAPTURE_AUTORELEASING = YES;
				CLANG_WARN_BOOL_CONVERSION = YES;
				CLANG_WARN_COMMA = YES;
				CLANG_WARN_CONSTANT_CONVERSION = YES;
				CLANG_WARN_DEPRECATED_OBJC_IMPLEMENTATIONS = YES;
				CLANG_WARN_DIRECT_OBJC_ISA_USAGE = YES_ERROR;
				CLANG_WARN_DOCUMENTATION_COMMENTS = YES;
				CLANG_WARN_EMPTY_BODY = YES;
				CLANG_WARN_ENUM_CONVERSION = YES;
				CLANG_WARN_INFINITE_RECURSION = YES;
				CLANG_WARN_INT_CONVERSION = YES;
				CLANG_WARN_NON_LITERAL_NULL_CONVERSION = YES;
				CLANG_WARN_OBJC_IMPLICIT_RETAIN_SELF = YES;
				CLANG_WARN_OBJC_LITERAL_CONVERSION = YES;
				CLANG_WARN_OBJC_ROOT_CLASS = YES_ERROR;
				CLANG_WARN_RANGE_LOOP_ANALYSIS = YES;
				CLANG_WARN_STRICT_PROTOTYPES = YES;
				CLANG_WARN_SUSPICIOUS_MOVE = YES;
				CLANG_WARN_UNGUARDED_AVAILABILITY = YES_AGGRESSIVE;
				CLANG_WARN_UNREACHABLE_CODE = YES;
				CLANG_WARN__DUPLICATE_METHOD_MATCH = YES;
				CODE_SIGN_IDENTITY = "iPhone Developer";
				COPY_PHASE_STRIP = NO;
				DEBUG_INFORMATION_FORMAT = dwarf;
				ENABLE_STRICT_OBJC_MSGSEND = YES;
				ENABLE_TESTABILITY = YES;
				GCC_C_LANGUAGE_STANDARD = gnu11;
				GCC_DYNAMIC_NO_PIC = NO;
				GCC_NO_COMMON_BLOCKS = YES;
				GCC_OPTIMIZATION_LEVEL = 0;
				GCC_PREPROCESSOR_DEFINITIONS = (
					"DEBUG=1",
					"$(inherited)",
				);
				GCC_WARN_64_TO_32_BIT_CONVERSION = YES;
				GCC_WARN_ABOUT_RETURN_TYPE = YES_ERROR;
				GCC_WARN_UNDECLARED_SELECTOR = YES;
				GCC_WARN_UNINITIALIZED_AUTOS = YES_AGGRESSIVE;
				GCC_WARN_UNUSED_FUNCTION = YES;
				GCC_WARN_UNUSED_VARIABLE = YES;
				IPHONEOS_DEPLOYMENT_TARGET = 12.1;
				MTL_ENABLE_DEBUG_INFO = INCLUDE_SOURCE;
				MTL_FAST_MATH = YES;
				ONLY_ACTIVE_ARCH = YES;
				SDKROOT = iphoneos;
				SWIFT_ACTIVE_COMPILATION_CONDITIONS = DEBUG;
				SWIFT_OPTIMIZATION_LEVEL = "-Onone";
			};
			name = Debug;
		};
		C91A1460226B41010087035B /* Release */ = {
			isa = XCBuildConfiguration;
			buildSettings = {
				ALWAYS_SEARCH_USER_PATHS = NO;
				CLANG_ANALYZER_LOCALIZABILITY_NONLOCALIZED = YES;
				CLANG_ANALYZER_NONNULL = YES;
				CLANG_ANALYZER_NUMBER_OBJECT_CONVERSION = YES_AGGRESSIVE;
				CLANG_CXX_LANGUAGE_STANDARD = "gnu++14";
				CLANG_CXX_LIBRARY = "libc++";
				CLANG_ENABLE_MODULES = YES;
				CLANG_ENABLE_OBJC_ARC = YES;
				CLANG_ENABLE_OBJC_WEAK = YES;
				CLANG_WARN_BLOCK_CAPTURE_AUTORELEASING = YES;
				CLANG_WARN_BOOL_CONVERSION = YES;
				CLANG_WARN_COMMA = YES;
				CLANG_WARN_CONSTANT_CONVERSION = YES;
				CLANG_WARN_DEPRECATED_OBJC_IMPLEMENTATIONS = YES;
				CLANG_WARN_DIRECT_OBJC_ISA_USAGE = YES_ERROR;
				CLANG_WARN_DOCUMENTATION_COMMENTS = YES;
				CLANG_WARN_EMPTY_BODY = YES;
				CLANG_WARN_ENUM_CONVERSION = YES;
				CLANG_WARN_INFINITE_RECURSION = YES;
				CLANG_WARN_INT_CONVERSION = YES;
				CLANG_WARN_NON_LITERAL_NULL_CONVERSION = YES;
				CLANG_WARN_OBJC_IMPLICIT_RETAIN_SELF = YES;
				CLANG_WARN_OBJC_LITERAL_CONVERSION = YES;
				CLANG_WARN_OBJC_ROOT_CLASS = YES_ERROR;
				CLANG_WARN_RANGE_LOOP_ANALYSIS = YES;
				CLANG_WARN_STRICT_PROTOTYPES = YES;
				CLANG_WARN_SUSPICIOUS_MOVE = YES;
				CLANG_WARN_UNGUARDED_AVAILABILITY = YES_AGGRESSIVE;
				CLANG_WARN_UNREACHABLE_CODE = YES;
				CLANG_WARN__DUPLICATE_METHOD_MATCH = YES;
				CODE_SIGN_IDENTITY = "iPhone Developer";
				COPY_PHASE_STRIP = NO;
				DEBUG_INFORMATION_FORMAT = "dwarf-with-dsym";
				ENABLE_NS_ASSERTIONS = NO;
				ENABLE_STRICT_OBJC_MSGSEND = YES;
				GCC_C_LANGUAGE_STANDARD = gnu11;
				GCC_NO_COMMON_BLOCKS = YES;
				GCC_WARN_64_TO_32_BIT_CONVERSION = YES;
				GCC_WARN_ABOUT_RETURN_TYPE = YES_ERROR;
				GCC_WARN_UNDECLARED_SELECTOR = YES;
				GCC_WARN_UNINITIALIZED_AUTOS = YES_AGGRESSIVE;
				GCC_WARN_UNUSED_FUNCTION = YES;
				GCC_WARN_UNUSED_VARIABLE = YES;
				IPHONEOS_DEPLOYMENT_TARGET = 12.1;
				MTL_ENABLE_DEBUG_INFO = NO;
				MTL_FAST_MATH = YES;
				SDKROOT = iphoneos;
				SWIFT_COMPILATION_MODE = wholemodule;
				SWIFT_OPTIMIZATION_LEVEL = "-O";
				VALIDATE_PRODUCT = YES;
			};
			name = Release;
		};
		C91A1462226B41010087035B /* Debug */ = {
			isa = XCBuildConfiguration;
			buildSettings = {
				ASSETCATALOG_COMPILER_APPICON_NAME = AppIcon;
				CODE_SIGN_STYLE = Automatic;
				DEVELOPMENT_TEAM = AAXBU9249F;
				INFOPLIST_FILE = "$(SRCROOT)/MyCV/Supporting Files/Info.plist";
				LD_RUNPATH_SEARCH_PATHS = (
					"$(inherited)",
					"@executable_path/Frameworks",
				);
				PRODUCT_BUNDLE_IDENTIFIER = com.ucu.edu.ua.MyCV;
				PRODUCT_NAME = "$(TARGET_NAME)";
				SWIFT_VERSION = 4.2;
				TARGETED_DEVICE_FAMILY = "1,2";
			};
			name = Debug;
		};
		C91A1463226B41010087035B /* Release */ = {
			isa = XCBuildConfiguration;
			buildSettings = {
				ASSETCATALOG_COMPILER_APPICON_NAME = AppIcon;
				CODE_SIGN_STYLE = Automatic;
				DEVELOPMENT_TEAM = AAXBU9249F;
				INFOPLIST_FILE = "$(SRCROOT)/MyCV/Supporting Files/Info.plist";
				LD_RUNPATH_SEARCH_PATHS = (
					"$(inherited)",
					"@executable_path/Frameworks",
				);
				PRODUCT_BUNDLE_IDENTIFIER = com.ucu.edu.ua.MyCV;
				PRODUCT_NAME = "$(TARGET_NAME)";
				SWIFT_VERSION = 4.2;
				TARGETED_DEVICE_FAMILY = "1,2";
			};
			name = Release;
		};
/* End XCBuildConfiguration section */

/* Begin XCConfigurationList section */
		C91A1447226B40FE0087035B /* Build configuration list for PBXProject "MyCV" */ = {
			isa = XCConfigurationList;
			buildConfigurations = (
				C91A145F226B41010087035B /* Debug */,
				C91A1460226B41010087035B /* Release */,
			);
			defaultConfigurationIsVisible = 0;
			defaultConfigurationName = Release;
		};
		C91A1461226B41010087035B /* Build configuration list for PBXNativeTarget "MyCV" */ = {
			isa = XCConfigurationList;
			buildConfigurations = (
				C91A1462226B41010087035B /* Debug */,
				C91A1463226B41010087035B /* Release */,
			);
			defaultConfigurationIsVisible = 0;
			defaultConfigurationName = Release;
		};
/* End XCConfigurationList section */

/* Begin XCVersionGroup section */
		C91A1456226B40FE0087035B /* MyCV.xcdatamodeld */ = {
			isa = XCVersionGroup;
			children = (
				C91A1457226B40FE0087035B /* MyCV.xcdatamodel */,
			);
			currentVersion = C91A1457226B40FE0087035B /* MyCV.xcdatamodel */;
			path = MyCV.xcdatamodeld;
			sourceTree = "<group>";
			versionGroupType = wrapper.xcdatamodel;
		};
/* End XCVersionGroup section */
	};
	rootObject = C91A1444226B40FE0087035B /* Project object */;
}
